// !$*UTF8*$!
{
	archiveVersion = 1;
	classes = {
	};
	objectVersion = 46;
	objects = {

/* Begin PBXBuildFile section */
		CE863B8E1C1DB64D00ADD98B /* AppDelegate.swift in Sources */ = {isa = PBXBuildFile; fileRef = CE863B8D1C1DB64D00ADD98B /* AppDelegate.swift */; };
		CE863B901C1DB64D00ADD98B /* ViewController.swift in Sources */ = {isa = PBXBuildFile; fileRef = CE863B8F1C1DB64D00ADD98B /* ViewController.swift */; };
		CE863B931C1DB64D00ADD98B /* Main.storyboard in Resources */ = {isa = PBXBuildFile; fileRef = CE863B911C1DB64D00ADD98B /* Main.storyboard */; };
		CE863B951C1DB64D00ADD98B /* Images.xcassets in Resources */ = {isa = PBXBuildFile; fileRef = CE863B941C1DB64D00ADD98B /* Images.xcassets */; };
		CE863B981C1DB64D00ADD98B /* LaunchScreen.xib in Resources */ = {isa = PBXBuildFile; fileRef = CE863B961C1DB64D00ADD98B /* LaunchScreen.xib */; };
		CE863BA41C1DB64D00ADD98B /* autolayoutTests.swift in Sources */ = {isa = PBXBuildFile; fileRef = CE863BA31C1DB64D00ADD98B /* autolayoutTests.swift */; };
/* End PBXBuildFile section */

/* Begin PBXContainerItemProxy section */
		CE863B9E1C1DB64D00ADD98B /* PBXContainerItemProxy */ = {
			isa = PBXContainerItemProxy;
			containerPortal = CE863B801C1DB64D00ADD98B /* Project object */;
			proxyType = 1;
			remoteGlobalIDString = CE863B871C1DB64D00ADD98B;
			remoteInfo = autolayout;
		};
/* End PBXContainerItemProxy section */

/* Begin PBXFileReference section */
		CE863B881C1DB64D00ADD98B /* autolayout.app */ = {isa = PBXFileReference; explicitFileType = wrapper.application; includeInIndex = 0; path = autolayout.app; sourceTree = BUILT_PRODUCTS_DIR; };
		CE863B8C1C1DB64D00ADD98B /* Info.plist */ = {isa = PBXFileReference; lastKnownFileType = text.plist.xml; path = Info.plist; sourceTree = "<group>"; };
		CE863B8D1C1DB64D00ADD98B /* AppDelegate.swift */ = {isa = PBXFileReference; lastKnownFileType = sourcecode.swift; path = AppDelegate.swift; sourceTree = "<group>"; };
		CE863B8F1C1DB64D00ADD98B /* ViewController.swift */ = {isa = PBXFileReference; lastKnownFileType = sourcecode.swift; path = ViewController.swift; sourceTree = "<group>"; };
		CE863B921C1DB64D00ADD98B /* Base */ = {isa = PBXFileReference; lastKnownFileType = file.storyboard; name = Base; path = Base.lproj/Main.storyboard; sourceTree = "<group>"; };
		CE863B941C1DB64D00ADD98B /* Images.xcassets */ = {isa = PBXFileReference; lastKnownFileType = folder.assetcatalog; path = Images.xcassets; sourceTree = "<group>"; };
		CE863B971C1DB64D00ADD98B /* Base */ = {isa = PBXFileReference; lastKnownFileType = file.xib; name = Base; path = Base.lproj/LaunchScreen.xib; sourceTree = "<group>"; };
		CE863B9D1C1DB64D00ADD98B /* autolayoutTests.xctest */ = {isa = PBXFileReference; explicitFileType = wrapper.cfbundle; includeInIndex = 0; path = autolayoutTests.xctest; sourceTree = BUILT_PRODUCTS_DIR; };
		CE863BA21C1DB64D00ADD98B /* Info.plist */ = {isa = PBXFileReference; lastKnownFileType = text.plist.xml; path = Info.plist; sourceTree = "<group>"; };
		CE863BA31C1DB64D00ADD98B /* autolayoutTests.swift */ = {isa = PBXFileReference; lastKnownFileType = sourcecode.swift; path = autolayoutTests.swift; sourceTree = "<group>"; };
/* End PBXFileReference section */

/* Begin PBXFrameworksBuildPhase section */
		CE863B851C1DB64D00ADD98B /* Frameworks */ = {
			isa = PBXFrameworksBuildPhase;
			buildActionMask = 2147483647;
			files = (
			);
			runOnlyForDeploymentPostprocessing = 0;
		};
		CE863B9A1C1DB64D00ADD98B /* Frameworks */ = {
			isa = PBXFrameworksBuildPhase;
			buildActionMask = 2147483647;
			files = (
			);
			runOnlyForDeploymentPostprocessing = 0;
		};
/* End PBXFrameworksBuildPhase section */

/* Begin PBXGroup section */
		CE863B7F1C1DB64D00ADD98B = {
			isa = PBXGroup;
			children = (
				CE863B8A1C1DB64D00ADD98B /* autolayout */,
				CE863BA01C1DB64D00ADD98B /* autolayoutTests */,
				CE863B891C1DB64D00ADD98B /* Products */,
			);
			sourceTree = "<group>";
		};
		CE863B891C1DB64D00ADD98B /* Products */ = {
			isa = PBXGroup;
			children = (
				CE863B881C1DB64D00ADD98B /* autolayout.app */,
				CE863B9D1C1DB64D00ADD98B /* autolayoutTests.xctest */,
			);
			name = Products;
			sourceTree = "<group>";
		};
		CE863B8A1C1DB64D00ADD98B /* autolayout */ = {
			isa = PBXGroup;
			children = (
				CE863B8D1C1DB64D00ADD98B /* AppDelegate.swift */,
				CE863B8F1C1DB64D00ADD98B /* ViewController.swift */,
				CE863B911C1DB64D00ADD98B /* Main.storyboard */,
				CE863B941C1DB64D00ADD98B /* Images.xcassets */,
				CE863B961C1DB64D00ADD98B /* LaunchScreen.xib */,
				CE863B8B1C1DB64D00ADD98B /* Supporting Files */,
			);
			path = autolayout;
			sourceTree = "<group>";
		};
		CE863B8B1C1DB64D00ADD98B /* Supporting Files */ = {
			isa = PBXGroup;
			children = (
				CE863B8C1C1DB64D00ADD98B /* Info.plist */,
			);
			name = "Supporting Files";
			sourceTree = "<group>";
		};
		CE863BA01C1DB64D00ADD98B /* autolayoutTests */ = {
			isa = PBXGroup;
			children = (
				CE863BA31C1DB64D00ADD98B /* autolayoutTests.swift */,
				CE863BA11C1DB64D00ADD98B /* Supporting Files */,
			);
			path = autolayoutTests;
			sourceTree = "<group>";
		};
		CE863BA11C1DB64D00ADD98B /* Supporting Files */ = {
			isa = PBXGroup;
			children = (
				CE863BA21C1DB64D00ADD98B /* Info.plist */,
			);
			name = "Supporting Files";
			sourceTree = "<group>";
		};
/* End PBXGroup section */

/* Begin PBXNativeTarget section */
		CE863B871C1DB64D00ADD98B /* autolayout */ = {
			isa = PBXNativeTarget;
			buildConfigurationList = CE863BA71C1DB64D00ADD98B /* Build configuration list for PBXNativeTarget "autolayout" */;
			buildPhases = (
				CE863B841C1DB64D00ADD98B /* Sources */,
				CE863B851C1DB64D00ADD98B /* Frameworks */,
				CE863B861C1DB64D00ADD98B /* Resources */,
			);
			buildRules = (
			);
			dependencies = (
			);
			name = autolayout;
			productName = autolayout;
			productReference = CE863B881C1DB64D00ADD98B /* autolayout.app */;
			productType = "com.apple.product-type.application";
		};
		CE863B9C1C1DB64D00ADD98B /* autolayoutTests */ = {
			isa = PBXNativeTarget;
			buildConfigurationList = CE863BAA1C1DB64D00ADD98B /* Build configuration list for PBXNativeTarget "autolayoutTests" */;
			buildPhases = (
				CE863B991C1DB64D00ADD98B /* Sources */,
				CE863B9A1C1DB64D00ADD98B /* Frameworks */,
				CE863B9B1C1DB64D00ADD98B /* Resources */,
			);
			buildRules = (
			);
			dependencies = (
				CE863B9F1C1DB64D00ADD98B /* PBXTargetDependency */,
			);
			name = autolayoutTests;
			productName = autolayoutTests;
			productReference = CE863B9D1C1DB64D00ADD98B /* autolayoutTests.xctest */;
			productType = "com.apple.product-type.bundle.unit-test";
		};
/* End PBXNativeTarget section */

/* Begin PBXProject section */
		CE863B801C1DB64D00ADD98B /* Project object */ = {
			isa = PBXProject;
			attributes = {
				LastUpgradeCheck = 0630;
				ORGANIZATIONNAME = USER;
				TargetAttributes = {
					CE863B871C1DB64D00ADD98B = {
						CreatedOnToolsVersion = 6.3.1;
					};
					CE863B9C1C1DB64D00ADD98B = {
						CreatedOnToolsVersion = 6.3.1;
						TestTargetID = CE863B871C1DB64D00ADD98B;
					};
				};
			};
			buildConfigurationList = CE863B831C1DB64D00ADD98B /* Build configuration list for PBXProject "autolayout" */;
			compatibilityVersion = "Xcode 3.2";
			developmentRegion = English;
			hasScannedForEncodings = 0;
			knownRegions = (
				en,
				Base,
			);
			mainGroup = CE863B7F1C1DB64D00ADD98B;
			productRefGroup = CE863B891C1DB64D00ADD98B /* Products */;
			projectDirPath = "";
			projectRoot = "";
			targets = (
				CE863B871C1DB64D00ADD98B /* autolayout */,
				CE863B9C1C1DB64D00ADD98B /* autolayoutTests */,
			);
		};
/* End PBXProject section */

/* Begin PBXResourcesBuildPhase section */
		CE863B861C1DB64D00ADD98B /* Resources */ = {
			isa = PBXResourcesBuildPhase;
			buildActionMask = 2147483647;
			files = (
				CE863B931C1DB64D00ADD98B /* Main.storyboard in Resources */,
				CE863B981C1DB64D00ADD98B /* LaunchScreen.xib in Resources */,
				CE863B951C1DB64D00ADD98B /* Images.xcassets in Resources */,
			);
			runOnlyForDeploymentPostprocessing = 0;
		};
		CE863B9B1C1DB64D00ADD98B /* Resources */ = {
			isa = PBXResourcesBuildPhase;
			buildActionMask = 2147483647;
			files = (
			);
			runOnlyForDeploymentPostprocessing = 0;
		};
/* End PBXResourcesBuildPhase section */

/* Begin PBXSourcesBuildPhase section */
		CE863B841C1DB64D00ADD98B /* Sources */ = {
			isa = PBXSourcesBuildPhase;
			buildActionMask = 2147483647;
			files = (
				CE863B901C1DB64D00ADD98B /* ViewController.swift in Sources */,
				CE863B8E1C1DB64D00ADD98B /* AppDelegate.swift in Sources */,
			);
			runOnlyForDeploymentPostprocessing = 0;
		};
		CE863B991C1DB64D00ADD98B /* Sources */ = {
			isa = PBXSourcesBuildPhase;
			buildActionMask = 2147483647;
			files = (
				CE863BA41C1DB64D00ADD98B /* autolayoutTests.swift in Sources */,
			);
			runOnlyForDeploymentPostprocessing = 0;
		};
/* End PBXSourcesBuildPhase section */

/* Begin PBXTargetDependency section */
		CE863B9F1C1DB64D00ADD98B /* PBXTargetDependency */ = {
			isa = PBXTargetDependency;
			target = CE863B871C1DB64D00ADD98B /* autolayout */;
			targetProxy = CE863B9E1C1DB64D00ADD98B /* PBXContainerItemProxy */;
		};
/* End PBXTargetDependency section */

/* Begin PBXVariantGroup section */
		CE863B911C1DB64D00ADD98B /* Main.storyboard */ = {
			isa = PBXVariantGroup;
			children = (
				CE863B921C1DB64D00ADD98B /* Base */,
			);
			name = Main.storyboard;
			sourceTree = "<group>";
		};
		CE863B961C1DB64D00ADD98B /* LaunchScreen.xib */ = {
			isa = PBXVariantGroup;
			children = (
				CE863B971C1DB64D00ADD98B /* Base */,
			);
			name = LaunchScreen.xib;
			sourceTree = "<group>";
		};
/* End PBXVariantGroup section */

/* Begin XCBuildConfiguration section */
		CE863BA51C1DB64D00ADD98B /* Debug */ = {
			isa = XCBuildConfiguration;
			buildSettings = {
				ALWAYS_SEARCH_USER_PATHS = NO;
				CLANG_CXX_LANGUAGE_STANDARD = "gnu++0x";
				CLANG_CXX_LIBRARY = "libc++";
				CLANG_ENABLE_MODULES = YES;
				CLANG_ENABLE_OBJC_ARC = YES;
				CLANG_WARN_BOOL_CONVERSION = YES;
				CLANG_WARN_CONSTANT_CONVERSION = YES;
				CLANG_WARN_DIRECT_OBJC_ISA_USAGE = YES_ERROR;
				CLANG_WARN_EMPTY_BODY = YES;
				CLANG_WARN_ENUM_CONVERSION = YES;
				CLANG_WARN_INT_CONVERSION = YES;
				CLANG_WARN_OBJC_ROOT_CLASS = YES_ERROR;
				CLANG_WARN_UNREACHABLE_CODE = YES;
				CLANG_WARN__DUPLICATE_METHOD_MATCH = YES;
				"CODE_SIGN_IDENTITY[sdk=iphoneos*]" = "iPhone Developer";
				COPY_PHASE_STRIP = NO;
				DEBUG_INFORMATION_FORMAT = "dwarf-with-dsym";
				ENABLE_STRICT_OBJC_MSGSEND = YES;
				GCC_C_LANGUAGE_STANDARD = gnu99;
				GCC_DYNAMIC_NO_PIC = NO;
				GCC_NO_COMMON_BLOCKS = YES;
				GCC_OPTIMIZATION_LEVEL = 0;
				GCC_PREPROCESSOR_DEFINITIONS = (
					"DEBUG=1",
					"$(inherited)",
				);
				GCC_SYMBOLS_PRIVATE_EXTERN = NO;
				GCC_WARN_64_TO_32_BIT_CONVERSION = YES;
				GCC_WARN_ABOUT_RETURN_TYPE = YES_ERROR;
				GCC_WARN_UNDECLARED_SELECTOR = YES;
				GCC_WARN_UNINITIALIZED_AUTOS = YES_AGGRESSIVE;
				GCC_WARN_UNUSED_FUNCTION = YES;
				GCC_WARN_UNUSED_VARIABLE = YES;
				IPHONEOS_DEPLOYMENT_TARGET = 8.3;
				MTL_ENABLE_DEBUG_INFO = YES;
				ONLY_ACTIVE_ARCH = YES;
				SDKROOT = iphoneos;
				SWIFT_OPTIMIZATION_LEVEL = "-Onone";
			};
			name = Debug;
		};
		CE863BA61C1DB64D00ADD98B /* Release */ = {
			isa = XCBuildConfiguration;
			buildSettings = {
				ALWAYS_SEARCH_USER_PATHS = NO;
				CLANG_CXX_LANGUAGE_STANDARD = "gnu++0x";
				CLANG_CXX_LIBRARY = "libc++";
				CLANG_ENABLE_MODULES = YES;
				CLANG_ENABLE_OBJC_ARC = YES;
				CLANG_WARN_BOOL_CONVERSION = YES;
				CLANG_WARN_CONSTANT_CONVERSION = YES;
				CLANG_WARN_DIRECT_OBJC_ISA_USAGE = YES_ERROR;
				CLANG_WARN_EMPTY_BODY = YES;
				CLANG_WARN_ENUM_CONVERSION = YES;
				CLANG_WARN_INT_CONVERSION = YES;
				CLANG_WARN_OBJC_ROOT_CLASS = YES_ERROR;
				CLANG_WARN_UNREACHABLE_CODE = YES;
				CLANG_WARN__DUPLICATE_METHOD_MATCH = YES;
				"CODE_SIGN_IDENTITY[sdk=iphoneos*]" = "iPhone Developer";
				COPY_PHASE_STRIP = NO;
				DEBUG_INFORMATION_FORMAT = "dwarf-with-dsym";
				ENABLE_NS_ASSERTIONS = NO;
				ENABLE_STRICT_OBJC_MSGSEND = YES;
				GCC_C_LANGUAGE_STANDARD = gnu99;
				GCC_NO_COMMON_BLOCKS = YES;
				GCC_WARN_64_TO_32_BIT_CONVERSION = YES;
				GCC_WARN_ABOUT_RETURN_TYPE = YES_ERROR;
				GCC_WARN_UNDECLARED_SELECTOR = YES;
				GCC_WARN_UNINITIALIZED_AUTOS = YES_AGGRESSIVE;
				GCC_WARN_UNUSED_FUNCTION = YES;
				GCC_WARN_UNUSED_VARIABLE = YES;
				IPHONEOS_DEPLOYMENT_TARGET = 8.3;
				MTL_ENABLE_DEBUG_INFO = NO;
				SDKROOT = iphoneos;
				VALIDATE_PRODUCT = YES;
			};
			name = Release;
		};
		CE863BA81C1DB64D00ADD98B /* Debug */ = {
			isa = XCBuildConfiguration;
			buildSettings = {
				ASSETCATALOG_COMPILER_APPICON_NAME = AppIcon;
				INFOPLIST_FILE = autolayout/Info.plist;
				LD_RUNPATH_SEARCH_PATHS = "$(inherited) @executable_path/Frameworks";
				PRODUCT_NAME = "$(TARGET_NAME)";
			};
			name = Debug;
		};
		CE863BA91C1DB64D00ADD98B /* Release */ = {
			isa = XCBuildConfiguration;
			buildSettings = {
				ASSETCATALOG_COMPILER_APPICON_NAME = AppIcon;
				INFOPLIST_FILE = autolayout/Info.plist;
				LD_RUNPATH_SEARCH_PATHS = "$(inherited) @executable_path/Frameworks";
				PRODUCT_NAME = "$(TARGET_NAME)";
			};
			name = Release;
		};
		CE863BAB1C1DB64D00ADD98B /* Debug */ = {
			isa = XCBuildConfiguration;
			buildSettings = {
				BUNDLE_LOADER = "$(TEST_HOST)";
				FRAMEWORK_SEARCH_PATHS = (
					"$(SDKROOT)/Developer/Library/Frameworks",
					"$(inherited)",
				);
				GCC_PREPROCESSOR_DEFINITIONS = (
					"DEBUG=1",
					"$(inherited)",
				);
				INFOPLIST_FILE = autolayoutTests/Info.plist;
				LD_RUNPATH_SEARCH_PATHS = "$(inherited) @executable_path/Frameworks @loader_path/Frameworks";
				PRODUCT_NAME = "$(TARGET_NAME)";
				TEST_HOST = "$(BUILT_PRODUCTS_DIR)/autolayout.app/autolayout";
			};
			name = Debug;
		};
		CE863BAC1C1DB64D00ADD98B /* Release */ = {
			isa = XCBuildConfiguration;
			buildSettings = {
				BUNDLE_LOADER = "$(TEST_HOST)";
				FRAMEWORK_SEARCH_PATHS = (
					"$(SDKROOT)/Developer/Library/Frameworks",
					"$(inherited)",
				);
				INFOPLIST_FILE = autolayoutTests/Info.plist;
				LD_RUNPATH_SEARCH_PATHS = "$(inherited) @executable_path/Frameworks @loader_path/Frameworks";
				PRODUCT_NAME = "$(TARGET_NAME)";
				TEST_HOST = "$(BUILT_PRODUCTS_DIR)/autolayout.app/autolayout";
			};
			name = Release;
		};
/* End XCBuildConfiguration section */

/* Begin XCConfigurationList section */
		CE863B831C1DB64D00ADD98B /* Build configuration list for PBXProject "autolayout" */ = {
			isa = XCConfigurationList;
			buildConfigurations = (
				CE863BA51C1DB64D00ADD98B /* Debug */,
				CE863BA61C1DB64D00ADD98B /* Release */,
			);
			defaultConfigurationIsVisible = 0;
			defaultConfigurationName = Release;
		};
		CE863BA71C1DB64D00ADD98B /* Build configuration list for PBXNativeTarget "autolayout" */ = {
			isa = XCConfigurationList;
			buildConfigurations = (
				CE863BA81C1DB64D00ADD98B /* Debug */,
				CE863BA91C1DB64D00ADD98B /* Release */,
			);
			defaultConfigurationIsVisible = 0;
		};
		CE863BAA1C1DB64D00ADD98B /* Build configuration list for PBXNativeTarget "autolayoutTests" */ = {
			isa = XCConfigurationList;
			buildConfigurations = (
				CE863BAB1C1DB64D00ADD98B /* Debug */,
				CE863BAC1C1DB64D00ADD98B /* Release */,
			);
			defaultConfigurationIsVisible = 0;
		};
/* End XCConfigurationList section */
	};
	rootObject = CE863B801C1DB64D00ADD98B /* Project object */;
}
